// !$*UTF8*$!
{
	archiveVersion = 1;
	classes = {
	};
	objectVersion = 56;
	objects = {

/* Begin PBXBuildFile section */
		7A60932629185A6B00CF9122 /* Car.swift in Sources */ = {isa = PBXBuildFile; fileRef = 7A60932529185A6B00CF9122 /* Car.swift */; };
		7A60932829185ACA00CF9122 /* Zone.swift in Sources */ = {isa = PBXBuildFile; fileRef = 7A60932729185ACA00CF9122 /* Zone.swift */; };
		7A60932A29185BFB00CF9122 /* DataProvider.swift in Sources */ = {isa = PBXBuildFile; fileRef = 7A60932929185BFB00CF9122 /* DataProvider.swift */; };
		7A60932D2918693F00CF9122 /* SocarModel.xcdatamodeld in Sources */ = {isa = PBXBuildFile; fileRef = 7A60932B2918693F00CF9122 /* SocarModel.xcdatamodeld */; };
		7A60933929186B7600CF9122 /* CoreDataManager.swift in Sources */ = {isa = PBXBuildFile; fileRef = 7A60933829186B7600CF9122 /* CoreDataManager.swift */; };
		7A6093462918755E00CF9122 /* ZoneEntity+CoreDataClass.swift in Sources */ = {isa = PBXBuildFile; fileRef = 7A6093422918755E00CF9122 /* ZoneEntity+CoreDataClass.swift */; };
		7A6093472918755E00CF9122 /* ZoneEntity+CoreDataProperties.swift in Sources */ = {isa = PBXBuildFile; fileRef = 7A6093432918755E00CF9122 /* ZoneEntity+CoreDataProperties.swift */; };
		7A60934B29188EA000CF9122 /* FavoriteZoneTableViewCell.swift in Sources */ = {isa = PBXBuildFile; fileRef = 7A60934A29188EA000CF9122 /* FavoriteZoneTableViewCell.swift */; };
		7A60934D2918926700CF9122 /* CarListTableViewCell.swift in Sources */ = {isa = PBXBuildFile; fileRef = 7A60934C2918926700CF9122 /* CarListTableViewCell.swift */; };
		7A60934F2918935100CF9122 /* CarListTableCellView.swift in Sources */ = {isa = PBXBuildFile; fileRef = 7A60934E2918935100CF9122 /* CarListTableCellView.swift */; };
		7A6093542918A8FC00CF9122 /* CarEntity+CoreDataClass.swift in Sources */ = {isa = PBXBuildFile; fileRef = 7A6093522918A8FC00CF9122 /* CarEntity+CoreDataClass.swift */; };
		7A6093552918A8FC00CF9122 /* CarEntity+CoreDataProperties.swift in Sources */ = {isa = PBXBuildFile; fileRef = 7A6093532918A8FC00CF9122 /* CarEntity+CoreDataProperties.swift */; };
		7A6093592918B86D00CF9122 /* CarListHeaderView.xib in Resources */ = {isa = PBXBuildFile; fileRef = 7A6093582918B86D00CF9122 /* CarListHeaderView.xib */; };
		7A60935B2918B90C00CF9122 /* CarListHeaderView.swift in Sources */ = {isa = PBXBuildFile; fileRef = 7A60935A2918B90C00CF9122 /* CarListHeaderView.swift */; };
		7AB6DD532914EDBE0013062C /* AppDelegate.swift in Sources */ = {isa = PBXBuildFile; fileRef = 7AB6DD522914EDBE0013062C /* AppDelegate.swift */; };
		7AB6DD552914EDBE0013062C /* SceneDelegate.swift in Sources */ = {isa = PBXBuildFile; fileRef = 7AB6DD542914EDBE0013062C /* SceneDelegate.swift */; };
		7AB6DD572914EDBE0013062C /* MapViewController.swift in Sources */ = {isa = PBXBuildFile; fileRef = 7AB6DD562914EDBE0013062C /* MapViewController.swift */; };
		7AB6DD5A2914EDBE0013062C /* Main.storyboard in Resources */ = {isa = PBXBuildFile; fileRef = 7AB6DD582914EDBE0013062C /* Main.storyboard */; };
		7AB6DD5C2914EDBF0013062C /* Assets.xcassets in Resources */ = {isa = PBXBuildFile; fileRef = 7AB6DD5B2914EDBF0013062C /* Assets.xcassets */; };
		7AB6DD5F2914EDBF0013062C /* LaunchScreen.storyboard in Resources */ = {isa = PBXBuildFile; fileRef = 7AB6DD5D2914EDBF0013062C /* LaunchScreen.storyboard */; };
		7AB6DD67291579920013062C /* CoreLocationManager.swift in Sources */ = {isa = PBXBuildFile; fileRef = 7AB6DD66291579920013062C /* CoreLocationManager.swift */; };
		7AB6DD6929157E1D0013062C /* FavoriteZonesViewController.swift in Sources */ = {isa = PBXBuildFile; fileRef = 7AB6DD6829157E1D0013062C /* FavoriteZonesViewController.swift */; };
		7AB6DD6B29157E330013062C /* CarListViewController.swift in Sources */ = {isa = PBXBuildFile; fileRef = 7AB6DD6A29157E330013062C /* CarListViewController.swift */; };
		7AB6DD6D2915DC720013062C /* AvailableCarTVCell.xib in Resources */ = {isa = PBXBuildFile; fileRef = 7AB6DD6C2915DC720013062C /* AvailableCarTVCell.xib */; };
/* End PBXBuildFile section */

/* Begin PBXFileReference section */
		7A60932529185A6B00CF9122 /* Car.swift */ = {isa = PBXFileReference; lastKnownFileType = sourcecode.swift; path = Car.swift; sourceTree = "<group>"; };
		7A60932729185ACA00CF9122 /* Zone.swift */ = {isa = PBXFileReference; lastKnownFileType = sourcecode.swift; path = Zone.swift; sourceTree = "<group>"; };
		7A60932929185BFB00CF9122 /* DataProvider.swift */ = {isa = PBXFileReference; lastKnownFileType = sourcecode.swift; path = DataProvider.swift; sourceTree = "<group>"; };
		7A60932C2918693F00CF9122 /* SocarModel.xcdatamodel */ = {isa = PBXFileReference; lastKnownFileType = wrapper.xcdatamodel; path = SocarModel.xcdatamodel; sourceTree = "<group>"; };
		7A60933829186B7600CF9122 /* CoreDataManager.swift */ = {isa = PBXFileReference; lastKnownFileType = sourcecode.swift; path = CoreDataManager.swift; sourceTree = "<group>"; };
		7A6093422918755E00CF9122 /* ZoneEntity+CoreDataClass.swift */ = {isa = PBXFileReference; lastKnownFileType = sourcecode.swift; path = "ZoneEntity+CoreDataClass.swift"; sourceTree = "<group>"; };
		7A6093432918755E00CF9122 /* ZoneEntity+CoreDataProperties.swift */ = {isa = PBXFileReference; lastKnownFileType = sourcecode.swift; path = "ZoneEntity+CoreDataProperties.swift"; sourceTree = "<group>"; };
		7A60934A29188EA000CF9122 /* FavoriteZoneTableViewCell.swift */ = {isa = PBXFileReference; lastKnownFileType = sourcecode.swift; path = FavoriteZoneTableViewCell.swift; sourceTree = "<group>"; };
		7A60934C2918926700CF9122 /* CarListTableViewCell.swift */ = {isa = PBXFileReference; lastKnownFileType = sourcecode.swift; path = CarListTableViewCell.swift; sourceTree = "<group>"; };
		7A60934E2918935100CF9122 /* CarListTableCellView.swift */ = {isa = PBXFileReference; lastKnownFileType = sourcecode.swift; path = CarListTableCellView.swift; sourceTree = "<group>"; };
		7A6093522918A8FC00CF9122 /* CarEntity+CoreDataClass.swift */ = {isa = PBXFileReference; lastKnownFileType = sourcecode.swift; path = "CarEntity+CoreDataClass.swift"; sourceTree = "<group>"; };
		7A6093532918A8FC00CF9122 /* CarEntity+CoreDataProperties.swift */ = {isa = PBXFileReference; lastKnownFileType = sourcecode.swift; path = "CarEntity+CoreDataProperties.swift"; sourceTree = "<group>"; };
		7A6093582918B86D00CF9122 /* CarListHeaderView.xib */ = {isa = PBXFileReference; lastKnownFileType = file.xib; path = CarListHeaderView.xib; sourceTree = "<group>"; };
		7A60935A2918B90C00CF9122 /* CarListHeaderView.swift */ = {isa = PBXFileReference; lastKnownFileType = sourcecode.swift; path = CarListHeaderView.swift; sourceTree = "<group>"; };
		7AB6DD4F2914EDBE0013062C /* SOCARTestProject.app */ = {isa = PBXFileReference; explicitFileType = wrapper.application; includeInIndex = 0; path = SOCARTestProject.app; sourceTree = BUILT_PRODUCTS_DIR; };
		7AB6DD522914EDBE0013062C /* AppDelegate.swift */ = {isa = PBXFileReference; lastKnownFileType = sourcecode.swift; path = AppDelegate.swift; sourceTree = "<group>"; };
		7AB6DD542914EDBE0013062C /* SceneDelegate.swift */ = {isa = PBXFileReference; lastKnownFileType = sourcecode.swift; path = SceneDelegate.swift; sourceTree = "<group>"; };
		7AB6DD562914EDBE0013062C /* MapViewController.swift */ = {isa = PBXFileReference; lastKnownFileType = sourcecode.swift; path = MapViewController.swift; sourceTree = "<group>"; };
		7AB6DD592914EDBE0013062C /* Base */ = {isa = PBXFileReference; lastKnownFileType = file.storyboard; name = Base; path = Base.lproj/Main.storyboard; sourceTree = "<group>"; };
		7AB6DD5B2914EDBF0013062C /* Assets.xcassets */ = {isa = PBXFileReference; lastKnownFileType = folder.assetcatalog; path = Assets.xcassets; sourceTree = "<group>"; };
		7AB6DD5E2914EDBF0013062C /* Base */ = {isa = PBXFileReference; lastKnownFileType = file.storyboard; name = Base; path = Base.lproj/LaunchScreen.storyboard; sourceTree = "<group>"; };
		7AB6DD602914EDBF0013062C /* Info.plist */ = {isa = PBXFileReference; lastKnownFileType = text.plist.xml; path = Info.plist; sourceTree = "<group>"; };
		7AB6DD66291579920013062C /* CoreLocationManager.swift */ = {isa = PBXFileReference; lastKnownFileType = sourcecode.swift; path = CoreLocationManager.swift; sourceTree = "<group>"; };
		7AB6DD6829157E1D0013062C /* FavoriteZonesViewController.swift */ = {isa = PBXFileReference; lastKnownFileType = sourcecode.swift; path = FavoriteZonesViewController.swift; sourceTree = "<group>"; };
		7AB6DD6A29157E330013062C /* CarListViewController.swift */ = {isa = PBXFileReference; lastKnownFileType = sourcecode.swift; path = CarListViewController.swift; sourceTree = "<group>"; };
		7AB6DD6C2915DC720013062C /* AvailableCarTVCell.xib */ = {isa = PBXFileReference; lastKnownFileType = file.xib; path = AvailableCarTVCell.xib; sourceTree = "<group>"; };
/* End PBXFileReference section */

/* Begin PBXFrameworksBuildPhase section */
		7AB6DD4C2914EDBE0013062C /* Frameworks */ = {
			isa = PBXFrameworksBuildPhase;
			buildActionMask = 2147483647;
			files = (
			);
			runOnlyForDeploymentPostprocessing = 0;
		};
/* End PBXFrameworksBuildPhase section */

/* Begin PBXGroup section */
		7AB6DD462914EDBE0013062C = {
			isa = PBXGroup;
			children = (
				7A6093522918A8FC00CF9122 /* CarEntity+CoreDataClass.swift */,
				7A6093532918A8FC00CF9122 /* CarEntity+CoreDataProperties.swift */,
				7A6093422918755E00CF9122 /* ZoneEntity+CoreDataClass.swift */,
				7A6093432918755E00CF9122 /* ZoneEntity+CoreDataProperties.swift */,
				7AB6DD512914EDBE0013062C /* SOCARTestProject */,
				7AB6DD502914EDBE0013062C /* Products */,
			);
			sourceTree = "<group>";
		};
		7AB6DD502914EDBE0013062C /* Products */ = {
			isa = PBXGroup;
			children = (
				7AB6DD4F2914EDBE0013062C /* SOCARTestProject.app */,
			);
			name = Products;
			sourceTree = "<group>";
		};
		7AB6DD512914EDBE0013062C /* SOCARTestProject */ = {
			isa = PBXGroup;
			children = (
				7AB6DD522914EDBE0013062C /* AppDelegate.swift */,
				7AB6DD542914EDBE0013062C /* SceneDelegate.swift */,
				7AB6DD562914EDBE0013062C /* MapViewController.swift */,
				7AB6DD6829157E1D0013062C /* FavoriteZonesViewController.swift */,
				7A60934A29188EA000CF9122 /* FavoriteZoneTableViewCell.swift */,
				7AB6DD6A29157E330013062C /* CarListViewController.swift */,
				7A60934C2918926700CF9122 /* CarListTableViewCell.swift */,
				7AB6DD582914EDBE0013062C /* Main.storyboard */,
				7AB6DD5B2914EDBF0013062C /* Assets.xcassets */,
				7AB6DD5D2914EDBF0013062C /* LaunchScreen.storyboard */,
				7AB6DD602914EDBF0013062C /* Info.plist */,
				7AB6DD66291579920013062C /* CoreLocationManager.swift */,
				7AB6DD6C2915DC720013062C /* AvailableCarTVCell.xib */,
				7A60932529185A6B00CF9122 /* Car.swift */,
				7A60932729185ACA00CF9122 /* Zone.swift */,
				7A60932929185BFB00CF9122 /* DataProvider.swift */,
				7A60932B2918693F00CF9122 /* SocarModel.xcdatamodeld */,
				7A60933829186B7600CF9122 /* CoreDataManager.swift */,
				7A60934E2918935100CF9122 /* CarListTableCellView.swift */,
				7A6093582918B86D00CF9122 /* CarListHeaderView.xib */,
				7A60935A2918B90C00CF9122 /* CarListHeaderView.swift */,
			);
			path = SOCARTestProject;
			sourceTree = "<group>";
		};
/* End PBXGroup section */

/* Begin PBXNativeTarget section */
		7AB6DD4E2914EDBE0013062C /* SOCARTestProject */ = {
			isa = PBXNativeTarget;
			buildConfigurationList = 7AB6DD632914EDBF0013062C /* Build configuration list for PBXNativeTarget "SOCARTestProject" */;
			buildPhases = (
				7AB6DD4B2914EDBE0013062C /* Sources */,
				7AB6DD4C2914EDBE0013062C /* Frameworks */,
				7AB6DD4D2914EDBE0013062C /* Resources */,
			);
			buildRules = (
			);
			dependencies = (
			);
			name = SOCARTestProject;
			productName = SOCARTestProject;
			productReference = 7AB6DD4F2914EDBE0013062C /* SOCARTestProject.app */;
			productType = "com.apple.product-type.application";
		};
/* End PBXNativeTarget section */

/* Begin PBXProject section */
		7AB6DD472914EDBE0013062C /* Project object */ = {
			isa = PBXProject;
			attributes = {
				BuildIndependentTargetsInParallel = 1;
				LastSwiftUpdateCheck = 1410;
				LastUpgradeCheck = 1410;
				TargetAttributes = {
					7AB6DD4E2914EDBE0013062C = {
						CreatedOnToolsVersion = 14.1;
					};
				};
			};
			buildConfigurationList = 7AB6DD4A2914EDBE0013062C /* Build configuration list for PBXProject "SOCARTestProject" */;
			compatibilityVersion = "Xcode 14.0";
			developmentRegion = en;
			hasScannedForEncodings = 0;
			knownRegions = (
				en,
				Base,
			);
			mainGroup = 7AB6DD462914EDBE0013062C;
			productRefGroup = 7AB6DD502914EDBE0013062C /* Products */;
			projectDirPath = "";
			projectRoot = "";
			targets = (
				7AB6DD4E2914EDBE0013062C /* SOCARTestProject */,
			);
		};
/* End PBXProject section */

/* Begin PBXResourcesBuildPhase section */
		7AB6DD4D2914EDBE0013062C /* Resources */ = {
			isa = PBXResourcesBuildPhase;
			buildActionMask = 2147483647;
			files = (
				7AB6DD6D2915DC720013062C /* AvailableCarTVCell.xib in Resources */,
				7AB6DD5F2914EDBF0013062C /* LaunchScreen.storyboard in Resources */,
				7AB6DD5C2914EDBF0013062C /* Assets.xcassets in Resources */,
				7AB6DD5A2914EDBE0013062C /* Main.storyboard in Resources */,
				7A6093592918B86D00CF9122 /* CarListHeaderView.xib in Resources */,
			);
			runOnlyForDeploymentPostprocessing = 0;
		};
/* End PBXResourcesBuildPhase section */

/* Begin PBXSourcesBuildPhase section */
		7AB6DD4B2914EDBE0013062C /* Sources */ = {
			isa = PBXSourcesBuildPhase;
			buildActionMask = 2147483647;
			files = (
				7AB6DD572914EDBE0013062C /* MapViewController.swift in Sources */,
				7A60934D2918926700CF9122 /* CarListTableViewCell.swift in Sources */,
				7A60934F2918935100CF9122 /* CarListTableCellView.swift in Sources */,
				7A60932829185ACA00CF9122 /* Zone.swift in Sources */,
				7A6093462918755E00CF9122 /* ZoneEntity+CoreDataClass.swift in Sources */,
				7A6093552918A8FC00CF9122 /* CarEntity+CoreDataProperties.swift in Sources */,
				7A60935B2918B90C00CF9122 /* CarListHeaderView.swift in Sources */,
				7AB6DD6B29157E330013062C /* CarListViewController.swift in Sources */,
				7A60933929186B7600CF9122 /* CoreDataManager.swift in Sources */,
				7AB6DD6929157E1D0013062C /* FavoriteZonesViewController.swift in Sources */,
				7AB6DD67291579920013062C /* CoreLocationManager.swift in Sources */,
				7AB6DD532914EDBE0013062C /* AppDelegate.swift in Sources */,
				7A60932A29185BFB00CF9122 /* DataProvider.swift in Sources */,
				7A60934B29188EA000CF9122 /* FavoriteZoneTableViewCell.swift in Sources */,
				7A60932629185A6B00CF9122 /* Car.swift in Sources */,
				7A6093472918755E00CF9122 /* ZoneEntity+CoreDataProperties.swift in Sources */,
				7A60932D2918693F00CF9122 /* SocarModel.xcdatamodeld in Sources */,
				7A6093542918A8FC00CF9122 /* CarEntity+CoreDataClass.swift in Sources */,
				7AB6DD552914EDBE0013062C /* SceneDelegate.swift in Sources */,
			);
			runOnlyForDeploymentPostprocessing = 0;
		};
/* End PBXSourcesBuildPhase section */

/* Begin PBXVariantGroup section */
		7AB6DD582914EDBE0013062C /* Main.storyboard */ = {
			isa = PBXVariantGroup;
			children = (
				7AB6DD592914EDBE0013062C /* Base */,
			);
			name = Main.storyboard;
			sourceTree = "<group>";
		};
		7AB6DD5D2914EDBF0013062C /* LaunchScreen.storyboard */ = {
			isa = PBXVariantGroup;
			children = (
				7AB6DD5E2914EDBF0013062C /* Base */,
			);
			name = LaunchScreen.storyboard;
			sourceTree = "<group>";
		};
/* End PBXVariantGroup section */

/* Begin XCBuildConfiguration section */
		7AB6DD612914EDBF0013062C /* Debug */ = {
			isa = XCBuildConfiguration;
			buildSettings = {
				ALWAYS_SEARCH_USER_PATHS = NO;
				CLANG_ANALYZER_NONNULL = YES;
				CLANG_ANALYZER_NUMBER_OBJECT_CONVERSION = YES_AGGRESSIVE;
				CLANG_CXX_LANGUAGE_STANDARD = "gnu++20";
				CLANG_ENABLE_MODULES = YES;
				CLANG_ENABLE_OBJC_ARC = YES;
				CLANG_ENABLE_OBJC_WEAK = YES;
				CLANG_WARN_BLOCK_CAPTURE_AUTORELEASING = YES;
				CLANG_WARN_BOOL_CONVERSION = YES;
				CLANG_WARN_COMMA = YES;
				CLANG_WARN_CONSTANT_CONVERSION = YES;
				CLANG_WARN_DEPRECATED_OBJC_IMPLEMENTATIONS = YES;
				CLANG_WARN_DIRECT_OBJC_ISA_USAGE = YES_ERROR;
				CLANG_WARN_DOCUMENTATION_COMMENTS = YES;
				CLANG_WARN_EMPTY_BODY = YES;
				CLANG_WARN_ENUM_CONVERSION = YES;
				CLANG_WARN_INFINITE_RECURSION = YES;
				CLANG_WARN_INT_CONVERSION = YES;
				CLANG_WARN_NON_LITERAL_NULL_CONVERSION = YES;
				CLANG_WARN_OBJC_IMPLICIT_RETAIN_SELF = YES;
				CLANG_WARN_OBJC_LITERAL_CONVERSION = YES;
				CLANG_WARN_OBJC_ROOT_CLASS = YES_ERROR;
				CLANG_WARN_QUOTED_INCLUDE_IN_FRAMEWORK_HEADER = YES;
				CLANG_WARN_RANGE_LOOP_ANALYSIS = YES;
				CLANG_WARN_STRICT_PROTOTYPES = YES;
				CLANG_WARN_SUSPICIOUS_MOVE = YES;
				CLANG_WARN_UNGUARDED_AVAILABILITY = YES_AGGRESSIVE;
				CLANG_WARN_UNREACHABLE_CODE = YES;
				CLANG_WARN__DUPLICATE_METHOD_MATCH = YES;
				COPY_PHASE_STRIP = NO;
				DEBUG_INFORMATION_FORMAT = dwarf;
				ENABLE_STRICT_OBJC_MSGSEND = YES;
				ENABLE_TESTABILITY = YES;
				GCC_C_LANGUAGE_STANDARD = gnu11;
				GCC_DYNAMIC_NO_PIC = NO;
				GCC_NO_COMMON_BLOCKS = YES;
				GCC_OPTIMIZATION_LEVEL = 0;
				GCC_PREPROCESSOR_DEFINITIONS = (
					"DEBUG=1",
					"$(inherited)",
				);
				GCC_WARN_64_TO_32_BIT_CONVERSION = YES;
				GCC_WARN_ABOUT_RETURN_TYPE = YES_ERROR;
				GCC_WARN_UNDECLARED_SELECTOR = YES;
				GCC_WARN_UNINITIALIZED_AUTOS = YES_AGGRESSIVE;
				GCC_WARN_UNUSED_FUNCTION = YES;
				GCC_WARN_UNUSED_VARIABLE = YES;
				IPHONEOS_DEPLOYMENT_TARGET = 16.1;
				MTL_ENABLE_DEBUG_INFO = INCLUDE_SOURCE;
				MTL_FAST_MATH = YES;
				ONLY_ACTIVE_ARCH = YES;
				SDKROOT = iphoneos;
				SWIFT_ACTIVE_COMPILATION_CONDITIONS = DEBUG;
				SWIFT_OPTIMIZATION_LEVEL = "-Onone";
			};
			name = Debug;
		};
		7AB6DD622914EDBF0013062C /* Release */ = {
			isa = XCBuildConfiguration;
			buildSettings = {
				ALWAYS_SEARCH_USER_PATHS = NO;
				CLANG_ANALYZER_NONNULL = YES;
				CLANG_ANALYZER_NUMBER_OBJECT_CONVERSION = YES_AGGRESSIVE;
				CLANG_CXX_LANGUAGE_STANDARD = "gnu++20";
				CLANG_ENABLE_MODULES = YES;
				CLANG_ENABLE_OBJC_ARC = YES;
				CLANG_ENABLE_OBJC_WEAK = YES;
				CLANG_WARN_BLOCK_CAPTURE_AUTORELEASING = YES;
				CLANG_WARN_BOOL_CONVERSION = YES;
				CLANG_WARN_COMMA = YES;
				CLANG_WARN_CONSTANT_CONVERSION = YES;
				CLANG_WARN_DEPRECATED_OBJC_IMPLEMENTATIONS = YES;
				CLANG_WARN_DIRECT_OBJC_ISA_USAGE = YES_ERROR;
				CLANG_WARN_DOCUMENTATION_COMMENTS = YES;
				CLANG_WARN_EMPTY_BODY = YES;
				CLANG_WARN_ENUM_CONVERSION = YES;
				CLANG_WARN_INFINITE_RECURSION = YES;
				CLANG_WARN_INT_CONVERSION = YES;
				CLANG_WARN_NON_LITERAL_NULL_CONVERSION = YES;
				CLANG_WARN_OBJC_IMPLICIT_RETAIN_SELF = YES;
				CLANG_WARN_OBJC_LITERAL_CONVERSION = YES;
				CLANG_WARN_OBJC_ROOT_CLASS = YES_ERROR;
				CLANG_WARN_QUOTED_INCLUDE_IN_FRAMEWORK_HEADER = YES;
				CLANG_WARN_RANGE_LOOP_ANALYSIS = YES;
				CLANG_WARN_STRICT_PROTOTYPES = YES;
				CLANG_WARN_SUSPICIOUS_MOVE = YES;
				CLANG_WARN_UNGUARDED_AVAILABILITY = YES_AGGRESSIVE;
				CLANG_WARN_UNREACHABLE_CODE = YES;
				CLANG_WARN__DUPLICATE_METHOD_MATCH = YES;
				COPY_PHASE_STRIP = NO;
				DEBUG_INFORMATION_FORMAT = "dwarf-with-dsym";
				ENABLE_NS_ASSERTIONS = NO;
				ENABLE_STRICT_OBJC_MSGSEND = YES;
				GCC_C_LANGUAGE_STANDARD = gnu11;
				GCC_NO_COMMON_BLOCKS = YES;
				GCC_WARN_64_TO_32_BIT_CONVERSION = YES;
				GCC_WARN_ABOUT_RETURN_TYPE = YES_ERROR;
				GCC_WARN_UNDECLARED_SELECTOR = YES;
				GCC_WARN_UNINITIALIZED_AUTOS = YES_AGGRESSIVE;
				GCC_WARN_UNUSED_FUNCTION = YES;
				GCC_WARN_UNUSED_VARIABLE = YES;
				IPHONEOS_DEPLOYMENT_TARGET = 16.1;
				MTL_ENABLE_DEBUG_INFO = NO;
				MTL_FAST_MATH = YES;
				SDKROOT = iphoneos;
				SWIFT_COMPILATION_MODE = wholemodule;
				SWIFT_OPTIMIZATION_LEVEL = "-O";
				VALIDATE_PRODUCT = YES;
			};
			name = Release;
		};
		7AB6DD642914EDBF0013062C /* Debug */ = {
			isa = XCBuildConfiguration;
			buildSettings = {
				ASSETCATALOG_COMPILER_APPICON_NAME = AppIcon;
				ASSETCATALOG_COMPILER_GLOBAL_ACCENT_COLOR_NAME = AccentColor;
				CODE_SIGN_STYLE = Automatic;
				CURRENT_PROJECT_VERSION = 1;
				GENERATE_INFOPLIST_FILE = YES;
				INFOPLIST_FILE = SOCARTestProject/Info.plist;
				INFOPLIST_KEY_UIApplicationSupportsIndirectInputEvents = YES;
				INFOPLIST_KEY_UILaunchStoryboardName = LaunchScreen;
				INFOPLIST_KEY_UIMainStoryboardFile = Main;
				INFOPLIST_KEY_UISupportedInterfaceOrientations_iPad = "UIInterfaceOrientationPortrait UIInterfaceOrientationPortraitUpsideDown UIInterfaceOrientationLandscapeLeft UIInterfaceOrientationLandscapeRight";
				INFOPLIST_KEY_UISupportedInterfaceOrientations_iPhone = "UIInterfaceOrientationPortrait UIInterfaceOrientationLandscapeLeft UIInterfaceOrientationLandscapeRight";
				LD_RUNPATH_SEARCH_PATHS = (
					"$(inherited)",
					"@executable_path/Frameworks",
				);
				MARKETING_VERSION = 1.0;
				PRODUCT_BUNDLE_IDENTIFIER = com.ruwak.SOCARTestProject;
				PRODUCT_NAME = "$(TARGET_NAME)";
				SWIFT_EMIT_LOC_STRINGS = YES;
				SWIFT_VERSION = 5.0;
				TARGETED_DEVICE_FAMILY = "1,2";
			};
			name = Debug;
		};
		7AB6DD652914EDBF0013062C /* Release */ = {
			isa = XCBuildConfiguration;
			buildSettings = {
				ASSETCATALOG_COMPILER_APPICON_NAME = AppIcon;
				ASSETCATALOG_COMPILER_GLOBAL_ACCENT_COLOR_NAME = AccentColor;
				CODE_SIGN_STYLE = Automatic;
				CURRENT_PROJECT_VERSION = 1;
				GENERATE_INFOPLIST_FILE = YES;
				INFOPLIST_FILE = SOCARTestProject/Info.plist;
				INFOPLIST_KEY_UIApplicationSupportsIndirectInputEvents = YES;
				INFOPLIST_KEY_UILaunchStoryboardName = LaunchScreen;
				INFOPLIST_KEY_UIMainStoryboardFile = Main;
				INFOPLIST_KEY_UISupportedInterfaceOrientations_iPad = "UIInterfaceOrientationPortrait UIInterfaceOrientationPortraitUpsideDown UIInterfaceOrientationLandscapeLeft UIInterfaceOrientationLandscapeRight";
				INFOPLIST_KEY_UISupportedInterfaceOrientations_iPhone = "UIInterfaceOrientationPortrait UIInterfaceOrientationLandscapeLeft UIInterfaceOrientationLandscapeRight";
				LD_RUNPATH_SEARCH_PATHS = (
					"$(inherited)",
					"@executable_path/Frameworks",
				);
				MARKETING_VERSION = 1.0;
				PRODUCT_BUNDLE_IDENTIFIER = com.ruwak.SOCARTestProject;
				PRODUCT_NAME = "$(TARGET_NAME)";
				SWIFT_EMIT_LOC_STRINGS = YES;
				SWIFT_VERSION = 5.0;
				TARGETED_DEVICE_FAMILY = "1,2";
			};
			name = Release;
		};
/* End XCBuildConfiguration section */

/* Begin XCConfigurationList section */
		7AB6DD4A2914EDBE0013062C /* Build configuration list for PBXProject "SOCARTestProject" */ = {
			isa = XCConfigurationList;
			buildConfigurations = (
				7AB6DD612914EDBF0013062C /* Debug */,
				7AB6DD622914EDBF0013062C /* Release */,
			);
			defaultConfigurationIsVisible = 0;
			defaultConfigurationName = Release;
		};
		7AB6DD632914EDBF0013062C /* Build configuration list for PBXNativeTarget "SOCARTestProject" */ = {
			isa = XCConfigurationList;
			buildConfigurations = (
				7AB6DD642914EDBF0013062C /* Debug */,
				7AB6DD652914EDBF0013062C /* Release */,
			);
			defaultConfigurationIsVisible = 0;
			defaultConfigurationName = Release;
		};
/* End XCConfigurationList section */

/* Begin XCVersionGroup section */
		7A60932B2918693F00CF9122 /* SocarModel.xcdatamodeld */ = {
			isa = XCVersionGroup;
			children = (
				7A60932C2918693F00CF9122 /* SocarModel.xcdatamodel */,
			);
			currentVersion = 7A60932C2918693F00CF9122 /* SocarModel.xcdatamodel */;
			path = SocarModel.xcdatamodeld;
			sourceTree = "<group>";
			versionGroupType = wrapper.xcdatamodel;
		};
/* End XCVersionGroup section */
	};
	rootObject = 7AB6DD472914EDBE0013062C /* Project object */;
}
